
Microsoft Visual Studio Solution File, Format Version 12.00
# Visual Studio 15
VisualStudioVersion = 15.0.28307.421
MinimumVisualStudioVersion = 10.0.40219.1
Project("{FAE04EC0-301F-11D3-BF4B-00C04F79EFBC}") = "TextEditor", "TextEditor\TextEditor.csproj", "{ECEAD28C-0067-48DB-9934-BD49BF31ADF3}"
EndProject
Global
	GlobalSection(SolutionConfigurationPlatforms) = preSolution
		Debug|Any CPU = Debug|Any CPU
		Release|Any CPU = Release|Any CPU
	EndGlobalSection
	GlobalSection(ProjectConfigurationPlatforms) = postSolution
		{ECEAD28C-0067-48DB-9934-BD49BF31ADF3}.Debug|Any CPU.ActiveCfg = Debug|Any CPU
		{ECEAD28C-0067-48DB-9934-BD49BF31ADF3}.Debug|Any CPU.Build.0 = Debug|Any CPU
		{ECEAD28C-0067-48DB-9934-BD49BF31ADF3}.Release|Any CPU.ActiveCfg = Release|Any CPU
		{ECEAD28C-0067-48DB-9934-BD49BF31ADF3}.Release|Any CPU.Build.0 = Release|Any CPU
	EndGlobalSection
	GlobalSection(SolutionProperties) = preSolution
		HideSolutionNode = FALSE
	EndGlobalSection
	GlobalSection(ExtensibilityGlobals) = postSolution
		SolutionGuid = {FC3E8354-72A4-4693-859B-2A37106E3252}
	EndGlobalSection
EndGlobal
